
Microsoft Visual Studio Solution File, Format Version 12.00
# Visual Studio Version 16
VisualStudioVersion = 16.0.30611.23
MinimumVisualStudioVersion = 10.0.40219.1
Project("{FAE04EC0-301F-11D3-BF4B-00C04F79EFBC}") = "ifTurnOnPC", "ifTurnOnPC\ifTurnOnPC.csproj", "{BFD9FD97-2507-446E-B636-443C53AD313B}"
EndProject
Global
	GlobalSection(SolutionConfigurationPlatforms) = preSolution
		Debug|Any CPU = Debug|Any CPU
		Release|Any CPU = Release|Any CPU
	EndGlobalSection
	GlobalSection(ProjectConfigurationPlatforms) = postSolution
		{BFD9FD97-2507-446E-B636-443C53AD313B}.Debug|Any CPU.ActiveCfg = Debug|Any CPU
		{BFD9FD97-2507-446E-B636-443C53AD313B}.Debug|Any CPU.Build.0 = Debug|Any CPU
		{BFD9FD97-2507-446E-B636-443C53AD313B}.Release|Any CPU.ActiveCfg = Release|Any CPU
		{BFD9FD97-2507-446E-B636-443C53AD313B}.Release|Any CPU.Build.0 = Release|Any CPU
	EndGlobalSection
	GlobalSection(SolutionProperties) = preSolution
		HideSolutionNode = FALSE
	EndGlobalSection
	GlobalSection(ExtensibilityGlobals) = postSolution
		SolutionGuid = {1E28AEE1-098A-46E5-813E-B6E5025D91F2}
	EndGlobalSection
EndGlobal
